<?xml version="1.0" encoding="utf-8"?>
<Project ToolsVersion="4.0" xmlns="http://schemas.microsoft.com/developer/msbuild/2003">
  <ItemGroup>
    <Filter Include="소스 파일">
      <UniqueIdentifier>{4FC737F1-C7A5-4376-A066-2A32D752A2FF}</UniqueIdentifier>
      <Extensions>cpp;c;cc;cxx;def;odl;idl;hpj;bat;asm;asmx</Extensions>
    </Filter>
    <Filter Include="헤더 파일">
      <UniqueIdentifier>{93995380-89BD-4b04-88EB-625FBE52EBFB}</UniqueIdentifier>
      <Extensions>h;hh;hpp;hxx;hm;inl;inc;ipp;xsd</Extensions>
    </Filter>
    <Filter Include="리소스 파일">
      <UniqueIdentifier>{67DA6AB6-F800-4c08-8B7A-83BB121AAD01}</UniqueIdentifier>
      <Extensions>rc;ico;cur;bmp;dlg;rc2;rct;bin;rgs;gif;jpg;jpeg;jpe;resx;tiff;tif;png;wav;mfcribbon-ms</Extensions>
    </Filter>
    <Filter Include="2DGameFramework">
      <UniqueIdentifier>{d4228325-ab86-4575-8d38-59949d73a0ec}</UniqueIdentifier>
    </Filter>
    <Filter Include="playGround">
      <UniqueIdentifier>{84513b37-b08c-49e4-bd15-6f8f6752b18e}</UniqueIdentifier>
    </Filter>
    <Filter Include="2DGameFramework\SingletonBase">
      <UniqueIdentifier>{8785790c-f93f-411d-90ff-bd2e05bd6334}</UniqueIdentifier>
    </Filter>
    <Filter Include="2DGameFramework\Manager">
      <UniqueIdentifier>{ddfb3dc3-ec5a-4752-880c-db14429b78a1}</UniqueIdentifier>
    </Filter>
    <Filter Include="2DGameFramework\Utils">
      <UniqueIdentifier>{dbe4a488-41b4-49cf-8cff-49dbace1d532}</UniqueIdentifier>
    </Filter>
    <Filter Include="2DGameFramework\timer">
      <UniqueIdentifier>{51ba2134-09a6-4e4a-a113-fec61f8f954a}</UniqueIdentifier>
    </Filter>
    <Filter Include="2DGameFramework\video">
      <UniqueIdentifier>{af97ad4b-fd67-4c13-ba98-9340c86d80aa}</UniqueIdentifier>
    </Filter>
    <Filter Include="2DGameFramework\image">
      <UniqueIdentifier>{66e1e30c-aad1-4533-8b44-c8a4fc574d9d}</UniqueIdentifier>
    </Filter>
    <Filter Include="playGround\Item">
      <UniqueIdentifier>{9f02f7b0-652e-42ae-b392-a004f7ae5939}</UniqueIdentifier>
    </Filter>
    <Filter Include="playGround\Item\base">
      <UniqueIdentifier>{4333cee4-2e32-4a06-bbcc-9880b13f7c48}</UniqueIdentifier>
    </Filter>
    <Filter Include="playGround\Stage">
      <UniqueIdentifier>{331f8d2a-72a8-4a40-8f8b-562c5b9aa040}</UniqueIdentifier>
    </Filter>
    <Filter Include="playGround\Stage\base">
      <UniqueIdentifier>{db288f0d-41f2-4bfd-9e14-5eb3c195c761}</UniqueIdentifier>
    </Filter>
    <Filter Include="playGround\Pokémon">
      <UniqueIdentifier>{1f8f557c-d5f6-4068-8b1b-e6f029b473ff}</UniqueIdentifier>
    </Filter>
    <Filter Include="playGround\Pokémon\Player">
      <UniqueIdentifier>{ad9d0436-554f-453f-9495-e346fe762b4a}</UniqueIdentifier>
    </Filter>
    <Filter Include="playGround\Pokémon\base">
      <UniqueIdentifier>{8d83b967-1653-4d3d-9f53-4a3e6da24357}</UniqueIdentifier>
    </Filter>
    <Filter Include="playGround\Skill">
      <UniqueIdentifier>{c1152465-957e-445b-9151-7d60efa4939c}</UniqueIdentifier>
    </Filter>
    <Filter Include="playGround\Skill\base">
      <UniqueIdentifier>{d8a17582-ec80-46b7-af0d-28d1a5e66651}</UniqueIdentifier>
    </Filter>
    <Filter Include="playGround\PokéDex">
      <UniqueIdentifier>{d6ea5394-ac74-483f-8d43-42be358411f4}</UniqueIdentifier>
    </Filter>
    <Filter Include="playGround\Skill\Effect">
      <UniqueIdentifier>{84c97ce5-1f2e-4da6-b1e2-1a64ee558a9f}</UniqueIdentifier>
    </Filter>
    <Filter Include="playGround\Skill\Effect\base">
      <UniqueIdentifier>{9e797791-43b7-4fb8-aacd-ad4d329e8490}</UniqueIdentifier>
    </Filter>
    <Filter Include="playGround\Skill\number 0~9">
      <UniqueIdentifier>{422ee777-311f-4947-8870-ed61dd987b89}</UniqueIdentifier>
    </Filter>
    <Filter Include="playGround\Item\Food">
      <UniqueIdentifier>{801c667b-916b-419b-9589-7ec077ef6612}</UniqueIdentifier>
    </Filter>
    <Filter Include="playGround\Item\Hold">
      <UniqueIdentifier>{88bea93c-8f14-41b0-9a62-6caf0aad44d4}</UniqueIdentifier>
    </Filter>
    <Filter Include="playGround\Item\Throw">
      <UniqueIdentifier>{39536bf8-8f88-464d-949c-1e197d7c7f27}</UniqueIdentifier>
    </Filter>
    <Filter Include="playGround\Item\TM">
      <UniqueIdentifier>{9098766f-475a-4e14-ba4b-b93bcf96225e}</UniqueIdentifier>
    </Filter>
  </ItemGroup>
  <ItemGroup>
    <ClInclude Include="stdafx.h">
      <Filter>헤더 파일</Filter>
    </ClInclude>
    <ClInclude Include="targetver.h">
      <Filter>헤더 파일</Filter>
    </ClInclude>
    <ClInclude Include="Resource.h">
      <Filter>헤더 파일</Filter>
    </ClInclude>
    <ClInclude Include="gameNode.h">
      <Filter>2DGameFramework</Filter>
    </ClInclude>
    <ClInclude Include="playGround.h">
      <Filter>playGround</Filter>
    </ClInclude>
    <ClInclude Include="singletonBase.h">
      <Filter>2DGameFramework\SingletonBase</Filter>
    </ClInclude>
    <ClInclude Include="randomFunction.h">
      <Filter>헤더 파일</Filter>
    </ClInclude>
    <ClInclude Include="utils.h">
      <Filter>2DGameFramework\Utils</Filter>
    </ClInclude>
    <ClInclude Include="timer.h">
      <Filter>2DGameFramework\timer</Filter>
    </ClInclude>
    <ClInclude Include="macroFunc.h">
      <Filter>헤더 파일</Filter>
    </ClInclude>
    <ClInclude Include="Scene.h">
      <Filter>playGround\Stage\base</Filter>
    </ClInclude>
    <ClInclude Include="testScene.h">
      <Filter>playGround\Stage</Filter>
    </ClInclude>
    <ClInclude Include="video.h">
      <Filter>2DGameFramework\video</Filter>
    </ClInclude>
    <ClInclude Include="cameraManager.h">
      <Filter>2DGameFramework\Manager</Filter>
    </ClInclude>
    <ClInclude Include="collisionManager.h">
      <Filter>2DGameFramework\Manager</Filter>
    </ClInclude>
    <ClInclude Include="dtdManager.h">
      <Filter>2DGameFramework\Manager</Filter>
    </ClInclude>
    <ClInclude Include="imageManager.h">
      <Filter>2DGameFramework\Manager</Filter>
    </ClInclude>
    <ClInclude Include="keyManager.h">
      <Filter>2DGameFramework\Manager</Filter>
    </ClInclude>
    <ClInclude Include="printManager.h">
      <Filter>2DGameFramework\Manager</Filter>
    </ClInclude>
    <ClInclude Include="sceneManager.h">
      <Filter>2DGameFramework\Manager</Filter>
    </ClInclude>
    <ClInclude Include="streamManager.h">
      <Filter>2DGameFramework\Manager</Filter>
    </ClInclude>
    <ClInclude Include="timeManager.h">
      <Filter>2DGameFramework\Manager</Filter>
    </ClInclude>
    <ClInclude Include="dImage.h">
      <Filter>2DGameFramework\image</Filter>
    </ClInclude>
    <ClInclude Include="image.h">
      <Filter>2DGameFramework\image</Filter>
    </ClInclude>
    <ClInclude Include="Pokemon.h">
      <Filter>playGround\Pokémon\base</Filter>
    </ClInclude>
    <ClInclude Include="Player.h">
      <Filter>playGround\Pokémon\Player</Filter>
    </ClInclude>
    <ClInclude Include="Item.h">
      <Filter>playGround\Item\base</Filter>
    </ClInclude>
    <ClInclude Include="SkillManager.h">
      <Filter>playGround\Skill</Filter>
    </ClInclude>
    <ClInclude Include="Skill.h">
      <Filter>playGround\Skill\base</Filter>
    </ClInclude>
    <ClInclude Include="EF_FireBlast.h">
      <Filter>playGround\Skill\Effect</Filter>
    </ClInclude>
    <ClInclude Include="EF_Gust.h">
      <Filter>playGround\Skill\Effect</Filter>
    </ClInclude>
    <ClInclude Include="EF_Lightning.h">
      <Filter>playGround\Skill\Effect</Filter>
    </ClInclude>
    <ClInclude Include="EF_RockSlide.h">
      <Filter>playGround\Skill\Effect</Filter>
    </ClInclude>
    <ClInclude Include="EffectManager.h">
      <Filter>playGround\Skill\Effect</Filter>
    </ClInclude>
    <ClInclude Include="Effect.h">
      <Filter>playGround\Skill\Effect\base</Filter>
    </ClInclude>
    <ClInclude Include="uiManager.h">
      <Filter>2DGameFramework\Manager</Filter>
    </ClInclude>
    <ClInclude Include="Charizard.h">
      <Filter>playGround\Pokémon</Filter>
    </ClInclude>
    <ClInclude Include="Charmander.h">
      <Filter>playGround\Pokémon</Filter>
    </ClInclude>
    <ClInclude Include="Charmeleon.h">
      <Filter>playGround\Pokémon</Filter>
    </ClInclude>
    <ClInclude Include="Pichu.h">
      <Filter>playGround\Pokémon</Filter>
    </ClInclude>
    <ClInclude Include="Pikachu.h">
      <Filter>playGround\Pokémon</Filter>
    </ClInclude>
    <ClInclude Include="Raichu.h">
      <Filter>playGround\Pokémon</Filter>
    </ClInclude>
    <ClInclude Include="PokemonHeader.h">
      <Filter>playGround\Pokémon\base</Filter>
    </ClInclude>
    <ClInclude Include="pokeDex.h">
      <Filter>playGround\PokéDex</Filter>
    </ClInclude>
    <ClInclude Include="FireBlast.h">
      <Filter>playGround\Skill\number 0~9</Filter>
    </ClInclude>
    <ClInclude Include="Gust.h">
      <Filter>playGround\Skill\number 0~9</Filter>
    </ClInclude>
    <ClInclude Include="Lightning.h">
      <Filter>playGround\Skill\number 0~9</Filter>
    </ClInclude>
    <ClInclude Include="RockSlide.h">
      <Filter>playGround\Skill\number 0~9</Filter>
    </ClInclude>
    <ClInclude Include="turnManager.h">
      <Filter>2DGameFramework\Manager</Filter>
    </ClInclude>
    <ClInclude Include="skillDex.h">
      <Filter>playGround\PokéDex</Filter>
    </ClInclude>
    <ClInclude Include="SkillHeader.h">
      <Filter>playGround\Skill\base</Filter>
    </ClInclude>
    <ClInclude Include="PokemonType.h">
      <Filter>playGround\PokéDex</Filter>
    </ClInclude>
    <ClInclude Include="Apple.h">
      <Filter>playGround\Item\Food</Filter>
    </ClInclude>
    <ClInclude Include="Gummy.h">
      <Filter>playGround\Item\Food</Filter>
    </ClInclude>
    <ClInclude Include="Hold.h">
      <Filter>playGround\Item\Hold</Filter>
    </ClInclude>
    <ClInclude Include="ThrowItem.h">
      <Filter>playGround\Item\Throw</Filter>
    </ClInclude>
    <ClInclude Include="ItemManager.h">
      <Filter>playGround\Item</Filter>
    </ClInclude>
    <ClInclude Include="TMachine.h">
      <Filter>playGround\Item\TM</Filter>
    </ClInclude>
  </ItemGroup>
  <ItemGroup>
    <ClCompile Include="stdafx.cpp">
      <Filter>소스 파일</Filter>
    </ClCompile>
    <ClCompile Include="winMain.cpp">
      <Filter>소스 파일</Filter>
    </ClCompile>
    <ClCompile Include="gameNode.cpp">
      <Filter>2DGameFramework</Filter>
    </ClCompile>
    <ClCompile Include="playGround.cpp">
      <Filter>playGround</Filter>
    </ClCompile>
    <ClCompile Include="utils.cpp">
      <Filter>2DGameFramework\Utils</Filter>
    </ClCompile>
    <ClCompile Include="timer.cpp">
      <Filter>2DGameFramework\timer</Filter>
    </ClCompile>
    <ClCompile Include="Scene.cpp">
      <Filter>playGround\Stage\base</Filter>
    </ClCompile>
    <ClCompile Include="testScene.cpp">
      <Filter>playGround\Stage</Filter>
    </ClCompile>
    <ClCompile Include="video.cpp">
      <Filter>2DGameFramework\video</Filter>
    </ClCompile>
    <ClCompile Include="cameraManager.cpp">
      <Filter>2DGameFramework\Manager</Filter>
    </ClCompile>
    <ClCompile Include="collisionManager.cpp">
      <Filter>2DGameFramework\Manager</Filter>
    </ClCompile>
    <ClCompile Include="dtdManager.cpp">
      <Filter>2DGameFramework\Manager</Filter>
    </ClCompile>
    <ClCompile Include="imageManager.cpp">
      <Filter>2DGameFramework\Manager</Filter>
    </ClCompile>
    <ClCompile Include="keyManager.cpp">
      <Filter>2DGameFramework\Manager</Filter>
    </ClCompile>
    <ClCompile Include="printManager.cpp">
      <Filter>2DGameFramework\Manager</Filter>
    </ClCompile>
    <ClCompile Include="sceneManager.cpp">
      <Filter>2DGameFramework\Manager</Filter>
    </ClCompile>
    <ClCompile Include="streamManager.cpp">
      <Filter>2DGameFramework\Manager</Filter>
    </ClCompile>
    <ClCompile Include="timeManager.cpp">
      <Filter>2DGameFramework\Manager</Filter>
    </ClCompile>
    <ClCompile Include="dImage.cpp">
      <Filter>2DGameFramework\image</Filter>
    </ClCompile>
    <ClCompile Include="image.cpp">
      <Filter>2DGameFramework\image</Filter>
    </ClCompile>
    <ClCompile Include="Pokemon.cpp">
      <Filter>playGround\Pokémon\base</Filter>
    </ClCompile>
    <ClCompile Include="Player.cpp">
      <Filter>playGround\Pokémon\Player</Filter>
    </ClCompile>
    <ClCompile Include="Item.cpp">
      <Filter>playGround\Item\base</Filter>
    </ClCompile>
    <ClCompile Include="SkillManager.cpp">
      <Filter>playGround\Skill</Filter>
    </ClCompile>
    <ClCompile Include="Skill.cpp">
      <Filter>playGround\Skill\base</Filter>
    </ClCompile>
    <ClCompile Include="EF_FireBlast.cpp">
      <Filter>playGround\Skill\Effect</Filter>
    </ClCompile>
    <ClCompile Include="EF_Gust.cpp">
      <Filter>playGround\Skill\Effect</Filter>
    </ClCompile>
    <ClCompile Include="EF_Lightning.cpp">
      <Filter>playGround\Skill\Effect</Filter>
    </ClCompile>
    <ClCompile Include="EF_RockSlide.cpp">
      <Filter>playGround\Skill\Effect</Filter>
    </ClCompile>
    <ClCompile Include="EffectManager.cpp">
      <Filter>playGround\Skill\Effect</Filter>
    </ClCompile>
    <ClCompile Include="Effect.cpp">
      <Filter>playGround\Skill\Effect\base</Filter>
    </ClCompile>
    <ClCompile Include="uiManager.cpp">
      <Filter>2DGameFramework\Manager</Filter>
    </ClCompile>
    <ClCompile Include="Charizard.cpp">
      <Filter>playGround\Pokémon</Filter>
    </ClCompile>
    <ClCompile Include="Charmander.cpp">
      <Filter>playGround\Pokémon</Filter>
    </ClCompile>
    <ClCompile Include="Charmeleon.cpp">
      <Filter>playGround\Pokémon</Filter>
    </ClCompile>
    <ClCompile Include="Pichu.cpp">
      <Filter>playGround\Pokémon</Filter>
    </ClCompile>
    <ClCompile Include="Pikachu.cpp">
      <Filter>playGround\Pokémon</Filter>
    </ClCompile>
    <ClCompile Include="Raichu.cpp">
      <Filter>playGround\Pokémon</Filter>
    </ClCompile>
    <ClCompile Include="pokeDex.cpp">
      <Filter>playGround\PokéDex</Filter>
    </ClCompile>
    <ClCompile Include="FireBlast.cpp">
      <Filter>playGround\Skill\number 0~9</Filter>
    </ClCompile>
    <ClCompile Include="Gust.cpp">
      <Filter>playGround\Skill\number 0~9</Filter>
    </ClCompile>
    <ClCompile Include="Lightning.cpp">
      <Filter>playGround\Skill\number 0~9</Filter>
    </ClCompile>
    <ClCompile Include="RockSlide.cpp">
      <Filter>playGround\Skill\number 0~9</Filter>
    </ClCompile>
    <ClCompile Include="turnManager.cpp">
      <Filter>2DGameFramework\Manager</Filter>
    </ClCompile>
    <ClCompile Include="skillDex.cpp">
      <Filter>playGround\PokéDex</Filter>
    </ClCompile>
    <ClCompile Include="Apple.cpp">
      <Filter>playGround\Item\Food</Filter>
    </ClCompile>
    <ClCompile Include="Gummy.cpp">
      <Filter>playGround\Item\Food</Filter>
    </ClCompile>
    <ClCompile Include="Hold.cpp">
      <Filter>playGround\Item\Hold</Filter>
    </ClCompile>
    <ClCompile Include="ThrowItem.cpp">
      <Filter>playGround\Item\Throw</Filter>
    </ClCompile>
    <ClCompile Include="ItemManager.cpp">
      <Filter>playGround\Item</Filter>
    </ClCompile>
    <ClCompile Include="TMachine.cpp">
      <Filter>playGround\Item\TM</Filter>
    </ClCompile>
  </ItemGroup>
  <ItemGroup>
    <ResourceCompile Include="windowAPI.rc">
      <Filter>리소스 파일</Filter>
    </ResourceCompile>
  </ItemGroup>
  <ItemGroup>
    <Image Include="small.ico">
      <Filter>리소스 파일</Filter>
    </Image>
    <Image Include="windowAPI.ico">
      <Filter>리소스 파일</Filter>
    </Image>
  </ItemGroup>
</Project>