<?xml version="1.0" encoding="utf-8"?>
<Project ToolsVersion="4.0" xmlns="http://schemas.microsoft.com/developer/msbuild/2003">
  <ItemGroup>
    <Filter Include="소스 파일">
      <UniqueIdentifier>{4FC737F1-C7A5-4376-A066-2A32D752A2FF}</UniqueIdentifier>
      <Extensions>cpp;c;cc;cxx;def;odl;idl;hpj;bat;asm;asmx</Extensions>
    </Filter>
    <Filter Include="헤더 파일">
      <UniqueIdentifier>{93995380-89BD-4b04-88EB-625FBE52EBFB}</UniqueIdentifier>
      <Extensions>h;hh;hpp;hxx;hm;inl;inc;ipp;xsd</Extensions>
    </Filter>
    <Filter Include="리소스 파일">
      <UniqueIdentifier>{67DA6AB6-F800-4c08-8B7A-83BB121AAD01}</UniqueIdentifier>
      <Extensions>rc;ico;cur;bmp;dlg;rc2;rct;bin;rgs;gif;jpg;jpeg;jpe;resx;tiff;tif;png;wav;mfcribbon-ms</Extensions>
    </Filter>
    <Filter Include="2DGameFramework">
      <UniqueIdentifier>{d4228325-ab86-4575-8d38-59949d73a0ec}</UniqueIdentifier>
    </Filter>
    <Filter Include="playGround">
      <UniqueIdentifier>{84513b37-b08c-49e4-bd15-6f8f6752b18e}</UniqueIdentifier>
    </Filter>
    <Filter Include="2DGameFramework\SingletonBase">
      <UniqueIdentifier>{8785790c-f93f-411d-90ff-bd2e05bd6334}</UniqueIdentifier>
    </Filter>
    <Filter Include="2DGameFramework\Manager">
      <UniqueIdentifier>{ddfb3dc3-ec5a-4752-880c-db14429b78a1}</UniqueIdentifier>
    </Filter>
    <Filter Include="2DGameFramework\Utils">
      <UniqueIdentifier>{dbe4a488-41b4-49cf-8cff-49dbace1d532}</UniqueIdentifier>
    </Filter>
    <Filter Include="2DGameFramework\timer">
      <UniqueIdentifier>{51ba2134-09a6-4e4a-a113-fec61f8f954a}</UniqueIdentifier>
    </Filter>
    <Filter Include="2DGameFramework\video">
      <UniqueIdentifier>{af97ad4b-fd67-4c13-ba98-9340c86d80aa}</UniqueIdentifier>
    </Filter>
    <Filter Include="2DGameFramework\image">
      <UniqueIdentifier>{66e1e30c-aad1-4533-8b44-c8a4fc574d9d}</UniqueIdentifier>
    </Filter>
    <Filter Include="playGround\Item">
      <UniqueIdentifier>{9f02f7b0-652e-42ae-b392-a004f7ae5939}</UniqueIdentifier>
    </Filter>
    <Filter Include="playGround\Item\base">
      <UniqueIdentifier>{4333cee4-2e32-4a06-bbcc-9880b13f7c48}</UniqueIdentifier>
    </Filter>
    <Filter Include="playGround\Stage">
      <UniqueIdentifier>{331f8d2a-72a8-4a40-8f8b-562c5b9aa040}</UniqueIdentifier>
    </Filter>
    <Filter Include="playGround\Stage\base">
      <UniqueIdentifier>{db288f0d-41f2-4bfd-9e14-5eb3c195c761}</UniqueIdentifier>
    </Filter>
    <Filter Include="playGround\Pokémon">
      <UniqueIdentifier>{1f8f557c-d5f6-4068-8b1b-e6f029b473ff}</UniqueIdentifier>
    </Filter>
    <Filter Include="playGround\Pokémon\Player">
      <UniqueIdentifier>{ad9d0436-554f-453f-9495-e346fe762b4a}</UniqueIdentifier>
    </Filter>
    <Filter Include="playGround\Pokémon\base">
      <UniqueIdentifier>{8d83b967-1653-4d3d-9f53-4a3e6da24357}</UniqueIdentifier>
    </Filter>
    <Filter Include="playGround\Skill">
      <UniqueIdentifier>{c1152465-957e-445b-9151-7d60efa4939c}</UniqueIdentifier>
    </Filter>
    <Filter Include="playGround\Skill\base">
      <UniqueIdentifier>{d8a17582-ec80-46b7-af0d-28d1a5e66651}</UniqueIdentifier>
    </Filter>
    <Filter Include="playGround\PokéDex">
      <UniqueIdentifier>{d6ea5394-ac74-483f-8d43-42be358411f4}</UniqueIdentifier>
    </Filter>
    <Filter Include="playGround\Skill\Effect">
      <UniqueIdentifier>{84c97ce5-1f2e-4da6-b1e2-1a64ee558a9f}</UniqueIdentifier>
    </Filter>
    <Filter Include="playGround\Skill\Effect\base">
      <UniqueIdentifier>{9e797791-43b7-4fb8-aacd-ad4d329e8490}</UniqueIdentifier>
    </Filter>
    <Filter Include="playGround\Maptool">
      <UniqueIdentifier>{f216e278-2dde-4705-b5f6-646449aa534b}</UniqueIdentifier>
    </Filter>
    <Filter Include="playGround\Pokémon\Player\base">
      <UniqueIdentifier>{40707cc5-2f18-4412-95e5-2e8508689d03}</UniqueIdentifier>
    </Filter>
    <Filter Include="playGround\Item\food">
      <UniqueIdentifier>{383c4a7a-6b7e-4131-aebc-d2751632670c}</UniqueIdentifier>
    </Filter>
    <Filter Include="playGround\Item\hold">
      <UniqueIdentifier>{234a51c4-c7de-4010-a6bd-c6c08b7eeed6}</UniqueIdentifier>
    </Filter>
    <Filter Include="playGround\Item\throw">
      <UniqueIdentifier>{01cb81da-067d-4be6-b4c4-81c23d4e6a4b}</UniqueIdentifier>
    </Filter>
    <Filter Include="playGround\Item\TM">
      <UniqueIdentifier>{43f6172a-f0a0-40a6-8294-f1d9a9952f11}</UniqueIdentifier>
    </Filter>
    <Filter Include="playGround\Skill\Effect\EF number 1~10">
      <UniqueIdentifier>{98b51059-17f5-4ff4-a137-baa4b712398a}</UniqueIdentifier>
    </Filter>
    <Filter Include="playGround\Skill\Effect\EF number 11~20">
      <UniqueIdentifier>{0a0527e7-ce92-4ef0-af29-8be22ffa68d3}</UniqueIdentifier>
    </Filter>
    <Filter Include="playGround\Skill\SK number 11~20">
      <UniqueIdentifier>{6eff2b59-180e-4725-9d3f-4a9ea0d2332b}</UniqueIdentifier>
    </Filter>
    <Filter Include="playGround\Skill\SK number 1~10">
      <UniqueIdentifier>{422ee777-311f-4947-8870-ed61dd987b89}</UniqueIdentifier>
    </Filter>
    <Filter Include="playGround\Maptool\base">
      <UniqueIdentifier>{234eb1e4-6762-4967-9a22-e50e5736c2cc}</UniqueIdentifier>
    </Filter>
    <Filter Include="playGround\Pokémon\No.01 ~ 09">
      <UniqueIdentifier>{6e5261bd-5dfa-45e8-9540-3434cdda38ba}</UniqueIdentifier>
    </Filter>
    <Filter Include="playGround\Pokémon\No.10 ~ 19">
      <UniqueIdentifier>{9ae69de6-7193-4a27-88db-4c33d57235a4}</UniqueIdentifier>
    </Filter>
    <Filter Include="playGround\Battle">
      <UniqueIdentifier>{6b762ede-1719-455b-9fe6-a039189fc414}</UniqueIdentifier>
    </Filter>
    <Filter Include="playGround\UI">
      <UniqueIdentifier>{a056f81d-ad8f-4fff-b01c-2807e0658963}</UniqueIdentifier>
    </Filter>
    <Filter Include="playGround\UI\Menu">
      <UniqueIdentifier>{85d88409-3564-4112-a929-9e680f2258c8}</UniqueIdentifier>
    </Filter>
    <Filter Include="playGround\UI\Menu\UpMenu">
      <UniqueIdentifier>{cc09bea0-680f-4567-b72a-4ccdc6219115}</UniqueIdentifier>
    </Filter>
    <Filter Include="playGround\UI\Menu\DownMenu">
      <UniqueIdentifier>{83e1c70b-0bf6-44e1-92b8-905314716149}</UniqueIdentifier>
    </Filter>
    <Filter Include="playGround\UI\Menu\UpMenu\base">
      <UniqueIdentifier>{0c9d5814-5976-4259-99d2-73c00ad5fa1d}</UniqueIdentifier>
    </Filter>
    <Filter Include="playGround\UI\Menu\DownMenu\base">
      <UniqueIdentifier>{455a5c6e-d52d-4f39-a8c2-e0cdafedd487}</UniqueIdentifier>
    </Filter>
    <Filter Include="playGround\Pokémon\Player\Pattern">
      <UniqueIdentifier>{660d9a65-2091-4d63-ac0a-a2dc055de1cf}</UniqueIdentifier>
    </Filter>
    <Filter Include="playGround\Pokémon\Player\Pattern\base">
      <UniqueIdentifier>{e1e50deb-594e-481a-a658-18a0c1c0dba2}</UniqueIdentifier>
    </Filter>
    <Filter Include="playGround\Pokémon\Player\Pattern\PathFinder">
      <UniqueIdentifier>{02a49474-9802-45c0-b850-0c599782b3fc}</UniqueIdentifier>
    </Filter>
    <Filter Include="playGround\Pokémon\Player\Pattern\A%2a">
      <UniqueIdentifier>{6edc43bd-c09a-4aa1-9fa7-bc39301b53a3}</UniqueIdentifier>
    </Filter>
    <Filter Include="playGround\Pokémon\Player\Pattern\OnAttack">
      <UniqueIdentifier>{f9d7504c-c14a-46d8-b4fd-ef31829a966e}</UniqueIdentifier>
    </Filter>
    <Filter Include="playGround\Pokémon\No.20 ~ 29">
      <UniqueIdentifier>{6318ef3d-a3a7-4da2-90aa-894e2c64c78b}</UniqueIdentifier>
    </Filter>
    <Filter Include="playGround\Pokémon\No.30 ~ 39">
      <UniqueIdentifier>{e84fb030-8025-425b-98e9-c483ca10e091}</UniqueIdentifier>
    </Filter>
  </ItemGroup>
  <ItemGroup>
    <ClInclude Include="stdafx.h">
      <Filter>헤더 파일</Filter>
    </ClInclude>
    <ClInclude Include="targetver.h">
      <Filter>헤더 파일</Filter>
    </ClInclude>
    <ClInclude Include="Resource.h">
      <Filter>헤더 파일</Filter>
    </ClInclude>
    <ClInclude Include="gameNode.h">
      <Filter>2DGameFramework</Filter>
    </ClInclude>
    <ClInclude Include="playGround.h">
      <Filter>playGround</Filter>
    </ClInclude>
    <ClInclude Include="singletonBase.h">
      <Filter>2DGameFramework\SingletonBase</Filter>
    </ClInclude>
    <ClInclude Include="randomFunction.h">
      <Filter>헤더 파일</Filter>
    </ClInclude>
    <ClInclude Include="utils.h">
      <Filter>2DGameFramework\Utils</Filter>
    </ClInclude>
    <ClInclude Include="timer.h">
      <Filter>2DGameFramework\timer</Filter>
    </ClInclude>
    <ClInclude Include="macroFunc.h">
      <Filter>헤더 파일</Filter>
    </ClInclude>
    <ClInclude Include="Scene.h">
      <Filter>playGround\Stage\base</Filter>
    </ClInclude>
    <ClInclude Include="testScene.h">
      <Filter>playGround\Stage</Filter>
    </ClInclude>
    <ClInclude Include="video.h">
      <Filter>2DGameFramework\video</Filter>
    </ClInclude>
    <ClInclude Include="cameraManager.h">
      <Filter>2DGameFramework\Manager</Filter>
    </ClInclude>
    <ClInclude Include="collisionManager.h">
      <Filter>2DGameFramework\Manager</Filter>
    </ClInclude>
    <ClInclude Include="dtdManager.h">
      <Filter>2DGameFramework\Manager</Filter>
    </ClInclude>
    <ClInclude Include="imageManager.h">
      <Filter>2DGameFramework\Manager</Filter>
    </ClInclude>
    <ClInclude Include="keyManager.h">
      <Filter>2DGameFramework\Manager</Filter>
    </ClInclude>
    <ClInclude Include="printManager.h">
      <Filter>2DGameFramework\Manager</Filter>
    </ClInclude>
    <ClInclude Include="sceneManager.h">
      <Filter>2DGameFramework\Manager</Filter>
    </ClInclude>
    <ClInclude Include="streamManager.h">
      <Filter>2DGameFramework\Manager</Filter>
    </ClInclude>
    <ClInclude Include="timeManager.h">
      <Filter>2DGameFramework\Manager</Filter>
    </ClInclude>
    <ClInclude Include="dImage.h">
      <Filter>2DGameFramework\image</Filter>
    </ClInclude>
    <ClInclude Include="image.h">
      <Filter>2DGameFramework\image</Filter>
    </ClInclude>
    <ClInclude Include="Pokemon.h">
      <Filter>playGround\Pokémon\base</Filter>
    </ClInclude>
    <ClInclude Include="Item.h">
      <Filter>playGround\Item\base</Filter>
    </ClInclude>
    <ClInclude Include="Skill.h">
      <Filter>playGround\Skill\base</Filter>
    </ClInclude>
    <ClInclude Include="EffectManager.h">
      <Filter>playGround\Skill\Effect</Filter>
    </ClInclude>
    <ClInclude Include="Effect.h">
      <Filter>playGround\Skill\Effect\base</Filter>
    </ClInclude>
    <ClInclude Include="PokemonHeader.h">
      <Filter>playGround\Pokémon\base</Filter>
    </ClInclude>
    <ClInclude Include="pokeDex.h">
      <Filter>playGround\PokéDex</Filter>
    </ClInclude>
    <ClInclude Include="FireBlast.h">
      <Filter>playGround\Skill\SK number 1~10</Filter>
    </ClInclude>
    <ClInclude Include="Gust.h">
      <Filter>playGround\Skill\SK number 1~10</Filter>
    </ClInclude>
    <ClInclude Include="Lightning.h">
      <Filter>playGround\Skill\SK number 1~10</Filter>
    </ClInclude>
    <ClInclude Include="RockSlide.h">
      <Filter>playGround\Skill\SK number 1~10</Filter>
    </ClInclude>
    <ClInclude Include="skillDex.h">
      <Filter>playGround\PokéDex</Filter>
    </ClInclude>
    <ClInclude Include="ItemManager.h">
      <Filter>playGround\Item</Filter>
    </ClInclude>
    <ClInclude Include="SkillHeader.h">
      <Filter>playGround\Skill\base</Filter>
    </ClInclude>
    <ClInclude Include="PokemonType.h">
      <Filter>playGround\PokéDex</Filter>
    </ClInclude>
    <ClInclude Include="maptool.h">
      <Filter>playGround\Maptool</Filter>
    </ClInclude>
    <ClInclude Include="Enemy.h">
      <Filter>playGround\Pokémon\Player</Filter>
    </ClInclude>
    <ClInclude Include="User.h">
      <Filter>playGround\Pokémon\Player</Filter>
    </ClInclude>
    <ClInclude Include="Player.h">
      <Filter>playGround\Pokémon\Player\base</Filter>
    </ClInclude>
    <ClInclude Include="Apple.h">
      <Filter>playGround\Item\food</Filter>
    </ClInclude>
    <ClInclude Include="Gummy.h">
      <Filter>playGround\Item\food</Filter>
    </ClInclude>
    <ClInclude Include="ThrowItem.h">
      <Filter>playGround\Item\throw</Filter>
    </ClInclude>
    <ClInclude Include="TMachine.h">
      <Filter>playGround\Item\TM</Filter>
    </ClInclude>
    <ClInclude Include="Glass.h">
      <Filter>playGround\Item\hold</Filter>
    </ClInclude>
    <ClInclude Include="Ribbon.h">
      <Filter>playGround\Item\hold</Filter>
    </ClInclude>
    <ClInclude Include="Scope.h">
      <Filter>playGround\Item\hold</Filter>
    </ClInclude>
    <ClInclude Include="EF_DynamicPunch.h">
      <Filter>playGround\Skill\Effect\EF number 1~10</Filter>
    </ClInclude>
    <ClInclude Include="EF_FireBlast.h">
      <Filter>playGround\Skill\Effect\EF number 1~10</Filter>
    </ClInclude>
    <ClInclude Include="EF_FireFang.h">
      <Filter>playGround\Skill\Effect\EF number 1~10</Filter>
    </ClInclude>
    <ClInclude Include="EF_Gust.h">
      <Filter>playGround\Skill\Effect\EF number 1~10</Filter>
    </ClInclude>
    <ClInclude Include="EF_IceFang.h">
      <Filter>playGround\Skill\Effect\EF number 1~10</Filter>
    </ClInclude>
    <ClInclude Include="EF_LeafBlade.h">
      <Filter>playGround\Skill\Effect\EF number 1~10</Filter>
    </ClInclude>
    <ClInclude Include="EF_Lightning.h">
      <Filter>playGround\Skill\Effect\EF number 1~10</Filter>
    </ClInclude>
    <ClInclude Include="EF_RockSlide.h">
      <Filter>playGround\Skill\Effect\EF number 1~10</Filter>
    </ClInclude>
    <ClInclude Include="EF_ThunderFang.h">
      <Filter>playGround\Skill\Effect\EF number 1~10</Filter>
    </ClInclude>
    <ClInclude Include="DynamicPunch.h">
      <Filter>playGround\Skill\SK number 1~10</Filter>
    </ClInclude>
    <ClInclude Include="FireFang.h">
      <Filter>playGround\Skill\SK number 1~10</Filter>
    </ClInclude>
    <ClInclude Include="IceFang.h">
      <Filter>playGround\Skill\SK number 1~10</Filter>
    </ClInclude>
    <ClInclude Include="LeafBlade.h">
      <Filter>playGround\Skill\SK number 1~10</Filter>
    </ClInclude>
    <ClInclude Include="ThunderFang.h">
      <Filter>playGround\Skill\SK number 1~10</Filter>
    </ClInclude>
    <ClInclude Include="GarbageTM.h">
      <Filter>playGround\Item\TM</Filter>
    </ClInclude>
    <ClInclude Include="Pound.h">
      <Filter>playGround\Skill\SK number 1~10</Filter>
    </ClInclude>
    <ClInclude Include="StunSpore.h">
      <Filter>playGround\Skill\SK number 11~20</Filter>
    </ClInclude>
    <ClInclude Include="MetalClaw.h">
      <Filter>playGround\Skill\SK number 11~20</Filter>
    </ClInclude>
    <ClInclude Include="PoisonPowder.h">
      <Filter>playGround\Skill\SK number 11~20</Filter>
    </ClInclude>
    <ClInclude Include="SleepPowder.h">
      <Filter>playGround\Skill\SK number 11~20</Filter>
    </ClInclude>
    <ClInclude Include="EF_Pound.h">
      <Filter>playGround\Skill\Effect\EF number 1~10</Filter>
    </ClInclude>
    <ClInclude Include="EF_StunSpore.h">
      <Filter>playGround\Skill\Effect\EF number 11~20</Filter>
    </ClInclude>
    <ClInclude Include="EF_SleepPowder.h">
      <Filter>playGround\Skill\Effect\EF number 11~20</Filter>
    </ClInclude>
    <ClInclude Include="EF_PoisonPowder.h">
      <Filter>playGround\Skill\Effect\EF number 11~20</Filter>
    </ClInclude>
    <ClInclude Include="EF_MetalClaw.h">
      <Filter>playGround\Skill\Effect\EF number 11~20</Filter>
    </ClInclude>
    <ClInclude Include="mapToolScene.h">
      <Filter>playGround\Stage</Filter>
    </ClInclude>
    <ClInclude Include="Bulbasaur.h">
      <Filter>playGround\Pokémon\No.01 ~ 09</Filter>
    </ClInclude>
    <ClInclude Include="Charizard.h">
      <Filter>playGround\Pokémon\No.01 ~ 09</Filter>
    </ClInclude>
    <ClInclude Include="Charmander.h">
      <Filter>playGround\Pokémon\No.01 ~ 09</Filter>
    </ClInclude>
    <ClInclude Include="Charmeleon.h">
      <Filter>playGround\Pokémon\No.01 ~ 09</Filter>
    </ClInclude>
    <ClInclude Include="Ivysaur.h">
      <Filter>playGround\Pokémon\No.01 ~ 09</Filter>
    </ClInclude>
    <ClInclude Include="Pichu.h">
      <Filter>playGround\Pokémon\No.01 ~ 09</Filter>
    </ClInclude>
    <ClInclude Include="Pikachu.h">
      <Filter>playGround\Pokémon\No.01 ~ 09</Filter>
    </ClInclude>
    <ClInclude Include="Raichu.h">
      <Filter>playGround\Pokémon\No.01 ~ 09</Filter>
    </ClInclude>
    <ClInclude Include="Venusaur.h">
      <Filter>playGround\Pokémon\No.01 ~ 09</Filter>
    </ClInclude>
    <ClInclude Include="Blastoise.h">
      <Filter>playGround\Pokémon\No.10 ~ 19</Filter>
    </ClInclude>
    <ClInclude Include="Dragonair.h">
      <Filter>playGround\Pokémon\No.10 ~ 19</Filter>
    </ClInclude>
    <ClInclude Include="Dragonite.h">
      <Filter>playGround\Pokémon\No.10 ~ 19</Filter>
    </ClInclude>
    <ClInclude Include="Dratini.h">
      <Filter>playGround\Pokémon\No.10 ~ 19</Filter>
    </ClInclude>
    <ClInclude Include="Squirtle.h">
      <Filter>playGround\Pokémon\No.10 ~ 19</Filter>
    </ClInclude>
    <ClInclude Include="Wartortle.h">
      <Filter>playGround\Pokémon\No.10 ~ 19</Filter>
    </ClInclude>
    <ClInclude Include="testMapScene.h">
      <Filter>playGround\Stage</Filter>
    </ClInclude>
    <ClInclude Include="turnManager.h">
      <Filter>playGround\Battle</Filter>
    </ClInclude>
    <ClInclude Include="KeyNDirect.h">
      <Filter>playGround\Pokémon\Player\base</Filter>
    </ClInclude>
    <ClInclude Include="Team.h">
      <Filter>playGround\Pokémon\Player</Filter>
    </ClInclude>
    <ClInclude Include="uiManager.h">
      <Filter>playGround\UI</Filter>
    </ClInclude>
    <ClInclude Include="MenuHeader.h">
      <Filter>playGround\UI\Menu</Filter>
    </ClInclude>
    <ClInclude Include="StatusMenu.h">
      <Filter>playGround\UI\Menu\UpMenu</Filter>
    </ClInclude>
    <ClInclude Include="KeyMenu.h">
      <Filter>playGround\UI\Menu\UpMenu</Filter>
    </ClInclude>
    <ClInclude Include="UpMenu.h">
      <Filter>playGround\UI\Menu\UpMenu\base</Filter>
    </ClInclude>
    <ClInclude Include="DownMenu.h">
      <Filter>playGround\UI\Menu\DownMenu\base</Filter>
    </ClInclude>
    <ClInclude Include="MainMenu.h">
      <Filter>playGround\UI\Menu\DownMenu</Filter>
    </ClInclude>
    <ClInclude Include="SkillMenu.h">
      <Filter>playGround\UI\Menu\DownMenu</Filter>
    </ClInclude>
    <ClInclude Include="tileManager.h">
      <Filter>playGround\Maptool\base</Filter>
    </ClInclude>
    <ClInclude Include="LogMenu.h">
      <Filter>playGround\UI\Menu\DownMenu</Filter>
    </ClInclude>
    <ClInclude Include="InventoryManager.h">
      <Filter>playGround\Item</Filter>
    </ClInclude>
    <ClInclude Include="InvenMenu.h">
      <Filter>playGround\UI\Menu\DownMenu</Filter>
    </ClInclude>
    <ClInclude Include="dialogManager.h">
      <Filter>playGround\UI</Filter>
    </ClInclude>
    <ClInclude Include="txtData.h">
      <Filter>2DGameFramework\Manager</Filter>
    </ClInclude>
    <ClInclude Include="tileInfo.h">
      <Filter>playGround\Maptool\base</Filter>
    </ClInclude>
    <ClInclude Include="battleManager.h">
      <Filter>playGround\Battle</Filter>
    </ClInclude>
    <ClInclude Include="Pattern.h">
      <Filter>playGround\Pokémon\Player\Pattern\base</Filter>
    </ClInclude>
    <ClInclude Include="PatternPathFinder.h">
      <Filter>playGround\Pokémon\Player\Pattern\PathFinder</Filter>
    </ClInclude>
    <ClInclude Include="Atile.h">
      <Filter>playGround\Pokémon\Player\Pattern\A%2a</Filter>
    </ClInclude>
    <ClInclude Include="PathFinder.h">
      <Filter>playGround\Pokémon\Player\Pattern\A%2a</Filter>
    </ClInclude>
    <ClInclude Include="PatternOnAttack.h">
      <Filter>playGround\Pokémon\Player\Pattern\OnAttack</Filter>
    </ClInclude>
    <ClInclude Include="bossMapScene.h">
      <Filter>playGround\Stage</Filter>
    </ClInclude>
    <ClInclude Include="dungeonScene.h">
      <Filter>playGround\Stage</Filter>
    </ClInclude>
    <ClInclude Include="dungeonSelectScene.h">
      <Filter>playGround\Stage</Filter>
    </ClInclude>
    <ClInclude Include="Crobat.h">
      <Filter>playGround\Pokémon\No.10 ~ 19</Filter>
    </ClInclude>
    <ClInclude Include="Darkrai.h">
      <Filter>playGround\Pokémon\No.10 ~ 19</Filter>
    </ClInclude>
    <ClInclude Include="Golbat.h">
      <Filter>playGround\Pokémon\No.10 ~ 19</Filter>
    </ClInclude>
    <ClInclude Include="Zubat.h">
      <Filter>playGround\Pokémon\No.10 ~ 19</Filter>
    </ClInclude>
    <ClInclude Include="Eevee.h">
      <Filter>playGround\Pokémon\No.20 ~ 29</Filter>
    </ClInclude>
    <ClInclude Include="Flareon.h">
      <Filter>playGround\Pokémon\No.20 ~ 29</Filter>
    </ClInclude>
    <ClInclude Include="Jolteon.h">
      <Filter>playGround\Pokémon\No.20 ~ 29</Filter>
    </ClInclude>
    <ClInclude Include="Vaporeon.h">
      <Filter>playGround\Pokémon\No.20 ~ 29</Filter>
    </ClInclude>
    <ClInclude Include="Espeon.h">
      <Filter>playGround\Pokémon\No.20 ~ 29</Filter>
    </ClInclude>
    <ClInclude Include="Umbreon.h">
      <Filter>playGround\Pokémon\No.20 ~ 29</Filter>
    </ClInclude>
    <ClInclude Include="Diglett.h">
      <Filter>playGround\Pokémon\No.20 ~ 29</Filter>
    </ClInclude>
    <ClInclude Include="Dugtrio.h">
      <Filter>playGround\Pokémon\No.20 ~ 29</Filter>
    </ClInclude>
    <ClInclude Include="Lapras.h">
      <Filter>playGround\Pokémon\No.20 ~ 29</Filter>
    </ClInclude>
    <ClInclude Include="Mawile.h">
      <Filter>playGround\Pokémon\No.20 ~ 29</Filter>
    </ClInclude>
    <ClInclude Include="crossroadScene.h">
      <Filter>playGround\Stage</Filter>
    </ClInclude>
    <ClInclude Include="guildMapScene.h">
      <Filter>playGround\Stage</Filter>
    </ClInclude>
    <ClInclude Include="townMapScene.h">
      <Filter>playGround\Stage</Filter>
    </ClInclude>
    <ClInclude Include="DefaultAttack.h">
      <Filter>playGround\Skill</Filter>
    </ClInclude>
    <ClInclude Include="EF_Default.h">
      <Filter>playGround\Skill\Effect</Filter>
    </ClInclude>
    <ClInclude Include="Lunatone.h">
      <Filter>playGround\Pokémon\No.30 ~ 39</Filter>
    </ClInclude>
    <ClInclude Include="Regice.h">
      <Filter>playGround\Pokémon\No.30 ~ 39</Filter>
    </ClInclude>
    <ClInclude Include="Regirock.h">
      <Filter>playGround\Pokémon\No.30 ~ 39</Filter>
    </ClInclude>
    <ClInclude Include="Registeel.h">
      <Filter>playGround\Pokémon\No.30 ~ 39</Filter>
    </ClInclude>
    <ClInclude Include="Solrock.h">
      <Filter>playGround\Pokémon\No.30 ~ 39</Filter>
    </ClInclude>
    <ClInclude Include="Celebi.h">
      <Filter>playGround\Pokémon\No.30 ~ 39</Filter>
    </ClInclude>
    <ClInclude Include="Giratina.h">
      <Filter>playGround\Pokémon\No.30 ~ 39</Filter>
    </ClInclude>
    <ClInclude Include="Hariyama.h">
      <Filter>playGround\Pokémon\No.30 ~ 39</Filter>
    </ClInclude>
    <ClInclude Include="Makuhita.h">
      <Filter>playGround\Pokémon\No.30 ~ 39</Filter>
    </ClInclude>
  </ItemGroup>
  <ItemGroup>
    <ClCompile Include="stdafx.cpp">
      <Filter>소스 파일</Filter>
    </ClCompile>
    <ClCompile Include="winMain.cpp">
      <Filter>소스 파일</Filter>
    </ClCompile>
    <ClCompile Include="gameNode.cpp">
      <Filter>2DGameFramework</Filter>
    </ClCompile>
    <ClCompile Include="playGround.cpp">
      <Filter>playGround</Filter>
    </ClCompile>
    <ClCompile Include="utils.cpp">
      <Filter>2DGameFramework\Utils</Filter>
    </ClCompile>
    <ClCompile Include="timer.cpp">
      <Filter>2DGameFramework\timer</Filter>
    </ClCompile>
    <ClCompile Include="Scene.cpp">
      <Filter>playGround\Stage\base</Filter>
    </ClCompile>
    <ClCompile Include="testScene.cpp">
      <Filter>playGround\Stage</Filter>
    </ClCompile>
    <ClCompile Include="video.cpp">
      <Filter>2DGameFramework\video</Filter>
    </ClCompile>
    <ClCompile Include="cameraManager.cpp">
      <Filter>2DGameFramework\Manager</Filter>
    </ClCompile>
    <ClCompile Include="collisionManager.cpp">
      <Filter>2DGameFramework\Manager</Filter>
    </ClCompile>
    <ClCompile Include="dtdManager.cpp">
      <Filter>2DGameFramework\Manager</Filter>
    </ClCompile>
    <ClCompile Include="imageManager.cpp">
      <Filter>2DGameFramework\Manager</Filter>
    </ClCompile>
    <ClCompile Include="keyManager.cpp">
      <Filter>2DGameFramework\Manager</Filter>
    </ClCompile>
    <ClCompile Include="printManager.cpp">
      <Filter>2DGameFramework\Manager</Filter>
    </ClCompile>
    <ClCompile Include="sceneManager.cpp">
      <Filter>2DGameFramework\Manager</Filter>
    </ClCompile>
    <ClCompile Include="streamManager.cpp">
      <Filter>2DGameFramework\Manager</Filter>
    </ClCompile>
    <ClCompile Include="timeManager.cpp">
      <Filter>2DGameFramework\Manager</Filter>
    </ClCompile>
    <ClCompile Include="dImage.cpp">
      <Filter>2DGameFramework\image</Filter>
    </ClCompile>
    <ClCompile Include="image.cpp">
      <Filter>2DGameFramework\image</Filter>
    </ClCompile>
    <ClCompile Include="Pokemon.cpp">
      <Filter>playGround\Pokémon\base</Filter>
    </ClCompile>
    <ClCompile Include="Item.cpp">
      <Filter>playGround\Item\base</Filter>
    </ClCompile>
    <ClCompile Include="Skill.cpp">
      <Filter>playGround\Skill\base</Filter>
    </ClCompile>
    <ClCompile Include="EffectManager.cpp">
      <Filter>playGround\Skill\Effect</Filter>
    </ClCompile>
    <ClCompile Include="Effect.cpp">
      <Filter>playGround\Skill\Effect\base</Filter>
    </ClCompile>
    <ClCompile Include="pokeDex.cpp">
      <Filter>playGround\PokéDex</Filter>
    </ClCompile>
    <ClCompile Include="FireBlast.cpp">
      <Filter>playGround\Skill\SK number 1~10</Filter>
    </ClCompile>
    <ClCompile Include="Gust.cpp">
      <Filter>playGround\Skill\SK number 1~10</Filter>
    </ClCompile>
    <ClCompile Include="Lightning.cpp">
      <Filter>playGround\Skill\SK number 1~10</Filter>
    </ClCompile>
    <ClCompile Include="RockSlide.cpp">
      <Filter>playGround\Skill\SK number 1~10</Filter>
    </ClCompile>
    <ClCompile Include="skillDex.cpp">
      <Filter>playGround\PokéDex</Filter>
    </ClCompile>
    <ClCompile Include="ItemManager.cpp">
      <Filter>playGround\Item</Filter>
    </ClCompile>
    <ClCompile Include="maptool.cpp">
      <Filter>playGround\Maptool</Filter>
    </ClCompile>
    <ClCompile Include="Enemy.cpp">
      <Filter>playGround\Pokémon\Player</Filter>
    </ClCompile>
    <ClCompile Include="User.cpp">
      <Filter>playGround\Pokémon\Player</Filter>
    </ClCompile>
    <ClCompile Include="Player.cpp">
      <Filter>playGround\Pokémon\Player\base</Filter>
    </ClCompile>
    <ClCompile Include="Apple.cpp">
      <Filter>playGround\Item\food</Filter>
    </ClCompile>
    <ClCompile Include="Gummy.cpp">
      <Filter>playGround\Item\food</Filter>
    </ClCompile>
    <ClCompile Include="ThrowItem.cpp">
      <Filter>playGround\Item\throw</Filter>
    </ClCompile>
    <ClCompile Include="TMachine.cpp">
      <Filter>playGround\Item\TM</Filter>
    </ClCompile>
    <ClCompile Include="Glass.cpp">
      <Filter>playGround\Item\hold</Filter>
    </ClCompile>
    <ClCompile Include="Ribbon.cpp">
      <Filter>playGround\Item\hold</Filter>
    </ClCompile>
    <ClCompile Include="Scope.cpp">
      <Filter>playGround\Item\hold</Filter>
    </ClCompile>
    <ClCompile Include="EF_DynamicPunch.cpp">
      <Filter>playGround\Skill\Effect\EF number 1~10</Filter>
    </ClCompile>
    <ClCompile Include="EF_FireBlast.cpp">
      <Filter>playGround\Skill\Effect\EF number 1~10</Filter>
    </ClCompile>
    <ClCompile Include="EF_FireFang.cpp">
      <Filter>playGround\Skill\Effect\EF number 1~10</Filter>
    </ClCompile>
    <ClCompile Include="EF_Gust.cpp">
      <Filter>playGround\Skill\Effect\EF number 1~10</Filter>
    </ClCompile>
    <ClCompile Include="EF_IceFang.cpp">
      <Filter>playGround\Skill\Effect\EF number 1~10</Filter>
    </ClCompile>
    <ClCompile Include="EF_LeafBlade.cpp">
      <Filter>playGround\Skill\Effect\EF number 1~10</Filter>
    </ClCompile>
    <ClCompile Include="EF_Lightning.cpp">
      <Filter>playGround\Skill\Effect\EF number 1~10</Filter>
    </ClCompile>
    <ClCompile Include="EF_RockSlide.cpp">
      <Filter>playGround\Skill\Effect\EF number 1~10</Filter>
    </ClCompile>
    <ClCompile Include="EF_ThunderFang.cpp">
      <Filter>playGround\Skill\Effect\EF number 1~10</Filter>
    </ClCompile>
    <ClCompile Include="DynamicPunch.cpp">
      <Filter>playGround\Skill\SK number 1~10</Filter>
    </ClCompile>
    <ClCompile Include="FireFang.cpp">
      <Filter>playGround\Skill\SK number 1~10</Filter>
    </ClCompile>
    <ClCompile Include="IceFang.cpp">
      <Filter>playGround\Skill\SK number 1~10</Filter>
    </ClCompile>
    <ClCompile Include="LeafBlade.cpp">
      <Filter>playGround\Skill\SK number 1~10</Filter>
    </ClCompile>
    <ClCompile Include="ThunderFang.cpp">
      <Filter>playGround\Skill\SK number 1~10</Filter>
    </ClCompile>
    <ClCompile Include="GarbageTM.cpp">
      <Filter>playGround\Item\TM</Filter>
    </ClCompile>
    <ClCompile Include="Pound.cpp">
      <Filter>playGround\Skill\SK number 1~10</Filter>
    </ClCompile>
    <ClCompile Include="MetalClaw.cpp">
      <Filter>playGround\Skill\SK number 11~20</Filter>
    </ClCompile>
    <ClCompile Include="PoisonPowder.cpp">
      <Filter>playGround\Skill\SK number 11~20</Filter>
    </ClCompile>
    <ClCompile Include="SleepPowder.cpp">
      <Filter>playGround\Skill\SK number 11~20</Filter>
    </ClCompile>
    <ClCompile Include="StunSpore.cpp">
      <Filter>playGround\Skill\SK number 11~20</Filter>
    </ClCompile>
    <ClCompile Include="EF_Pound.cpp">
      <Filter>playGround\Skill\Effect\EF number 1~10</Filter>
    </ClCompile>
    <ClCompile Include="EF_StunSpore.cpp">
      <Filter>playGround\Skill\Effect\EF number 11~20</Filter>
    </ClCompile>
    <ClCompile Include="EF_SleepPowder.cpp">
      <Filter>playGround\Skill\Effect\EF number 11~20</Filter>
    </ClCompile>
    <ClCompile Include="EF_PoisonPowder.cpp">
      <Filter>playGround\Skill\Effect\EF number 11~20</Filter>
    </ClCompile>
    <ClCompile Include="EF_MetalClaw.cpp">
      <Filter>playGround\Skill\Effect\EF number 11~20</Filter>
    </ClCompile>
    <ClCompile Include="mapToolScene.cpp">
      <Filter>playGround\Stage</Filter>
    </ClCompile>
    <ClCompile Include="Bulbasaur.cpp">
      <Filter>playGround\Pokémon\No.01 ~ 09</Filter>
    </ClCompile>
    <ClCompile Include="Charizard.cpp">
      <Filter>playGround\Pokémon\No.01 ~ 09</Filter>
    </ClCompile>
    <ClCompile Include="Charmander.cpp">
      <Filter>playGround\Pokémon\No.01 ~ 09</Filter>
    </ClCompile>
    <ClCompile Include="Charmeleon.cpp">
      <Filter>playGround\Pokémon\No.01 ~ 09</Filter>
    </ClCompile>
    <ClCompile Include="Ivysaur.cpp">
      <Filter>playGround\Pokémon\No.01 ~ 09</Filter>
    </ClCompile>
    <ClCompile Include="Pichu.cpp">
      <Filter>playGround\Pokémon\No.01 ~ 09</Filter>
    </ClCompile>
    <ClCompile Include="Pikachu.cpp">
      <Filter>playGround\Pokémon\No.01 ~ 09</Filter>
    </ClCompile>
    <ClCompile Include="Raichu.cpp">
      <Filter>playGround\Pokémon\No.01 ~ 09</Filter>
    </ClCompile>
    <ClCompile Include="Venusaur.cpp">
      <Filter>playGround\Pokémon\No.01 ~ 09</Filter>
    </ClCompile>
    <ClCompile Include="Blastoise.cpp">
      <Filter>playGround\Pokémon\No.10 ~ 19</Filter>
    </ClCompile>
    <ClCompile Include="Dragonair.cpp">
      <Filter>playGround\Pokémon\No.10 ~ 19</Filter>
    </ClCompile>
    <ClCompile Include="Dragonite.cpp">
      <Filter>playGround\Pokémon\No.10 ~ 19</Filter>
    </ClCompile>
    <ClCompile Include="Dratini.cpp">
      <Filter>playGround\Pokémon\No.10 ~ 19</Filter>
    </ClCompile>
    <ClCompile Include="Squirtle.cpp">
      <Filter>playGround\Pokémon\No.10 ~ 19</Filter>
    </ClCompile>
    <ClCompile Include="Wartortle.cpp">
      <Filter>playGround\Pokémon\No.10 ~ 19</Filter>
    </ClCompile>
    <ClCompile Include="testMapScene.cpp">
      <Filter>playGround\Stage</Filter>
    </ClCompile>
    <ClCompile Include="turnManager.cpp">
      <Filter>playGround\Battle</Filter>
    </ClCompile>
    <ClCompile Include="Team.cpp">
      <Filter>playGround\Pokémon\Player</Filter>
    </ClCompile>
    <ClCompile Include="uiManager.cpp">
      <Filter>playGround\UI</Filter>
    </ClCompile>
    <ClCompile Include="StatusMenu.cpp">
      <Filter>playGround\UI\Menu\UpMenu</Filter>
    </ClCompile>
    <ClCompile Include="KeyMenu.cpp">
      <Filter>playGround\UI\Menu\UpMenu</Filter>
    </ClCompile>
    <ClCompile Include="UpMenu.cpp">
      <Filter>playGround\UI\Menu\UpMenu\base</Filter>
    </ClCompile>
    <ClCompile Include="DownMenu.cpp">
      <Filter>playGround\UI\Menu\DownMenu\base</Filter>
    </ClCompile>
    <ClCompile Include="MainMenu.cpp">
      <Filter>playGround\UI\Menu\DownMenu</Filter>
    </ClCompile>
    <ClCompile Include="SkillMenu.cpp">
      <Filter>playGround\UI\Menu\DownMenu</Filter>
    </ClCompile>
    <ClCompile Include="tileManager.cpp">
      <Filter>playGround\Maptool\base</Filter>
    </ClCompile>
    <ClCompile Include="LogMenu.cpp">
      <Filter>playGround\UI\Menu\DownMenu</Filter>
    </ClCompile>
    <ClCompile Include="InventoryManager.cpp">
      <Filter>playGround\Item</Filter>
    </ClCompile>
    <ClCompile Include="InvenMenu.cpp">
      <Filter>playGround\UI\Menu\DownMenu</Filter>
    </ClCompile>
    <ClCompile Include="dialogManager.cpp">
      <Filter>playGround\UI</Filter>
    </ClCompile>
    <ClCompile Include="txtData.cpp">
      <Filter>2DGameFramework\Manager</Filter>
    </ClCompile>
    <ClCompile Include="battleManager.cpp">
      <Filter>playGround\Battle</Filter>
    </ClCompile>
    <ClCompile Include="Pattern.cpp">
      <Filter>playGround\Pokémon\Player\Pattern\base</Filter>
    </ClCompile>
    <ClCompile Include="PatternPathFinder.cpp">
      <Filter>playGround\Pokémon\Player\Pattern\PathFinder</Filter>
    </ClCompile>
    <ClCompile Include="Atile.cpp">
      <Filter>playGround\Pokémon\Player\Pattern\A%2a</Filter>
    </ClCompile>
    <ClCompile Include="PathFinder.cpp">
      <Filter>playGround\Pokémon\Player\Pattern\A%2a</Filter>
    </ClCompile>
    <ClCompile Include="PatternOnAttack.cpp">
      <Filter>playGround\Pokémon\Player\Pattern\OnAttack</Filter>
    </ClCompile>
    <ClCompile Include="bossMapScene.cpp">
      <Filter>playGround\Stage</Filter>
    </ClCompile>
    <ClCompile Include="dungeonScene.cpp">
      <Filter>playGround\Stage</Filter>
    </ClCompile>
    <ClCompile Include="dungeonSelectScene.cpp">
      <Filter>playGround\Stage</Filter>
    </ClCompile>
    <ClCompile Include="Crobat.cpp">
      <Filter>playGround\Pokémon\No.10 ~ 19</Filter>
    </ClCompile>
    <ClCompile Include="Darkrai.cpp">
      <Filter>playGround\Pokémon\No.10 ~ 19</Filter>
    </ClCompile>
    <ClCompile Include="Golbat.cpp">
      <Filter>playGround\Pokémon\No.10 ~ 19</Filter>
    </ClCompile>
    <ClCompile Include="Zubat.cpp">
      <Filter>playGround\Pokémon\No.10 ~ 19</Filter>
    </ClCompile>
    <ClCompile Include="Eevee.cpp">
      <Filter>playGround\Pokémon\No.20 ~ 29</Filter>
    </ClCompile>
    <ClCompile Include="Flareon.cpp">
      <Filter>playGround\Pokémon\No.20 ~ 29</Filter>
    </ClCompile>
    <ClCompile Include="Jolteon.cpp">
      <Filter>playGround\Pokémon\No.20 ~ 29</Filter>
    </ClCompile>
    <ClCompile Include="Vaporeon.cpp">
      <Filter>playGround\Pokémon\No.20 ~ 29</Filter>
    </ClCompile>
    <ClCompile Include="Espeon.cpp">
      <Filter>playGround\Pokémon\No.20 ~ 29</Filter>
    </ClCompile>
    <ClCompile Include="Umbreon.cpp">
      <Filter>playGround\Pokémon\No.20 ~ 29</Filter>
    </ClCompile>
    <ClCompile Include="Diglett.cpp">
      <Filter>playGround\Pokémon\No.20 ~ 29</Filter>
    </ClCompile>
    <ClCompile Include="Dugtrio.cpp">
      <Filter>playGround\Pokémon\No.20 ~ 29</Filter>
    </ClCompile>
    <ClCompile Include="Lapras.cpp">
      <Filter>playGround\Pokémon\No.20 ~ 29</Filter>
    </ClCompile>
    <ClCompile Include="Mawile.cpp">
      <Filter>playGround\Pokémon\No.20 ~ 29</Filter>
    </ClCompile>
    <ClCompile Include="crossroadScene.cpp">
      <Filter>playGround\Stage</Filter>
    </ClCompile>
    <ClCompile Include="guildMapScene.cpp">
      <Filter>playGround\Stage</Filter>
    </ClCompile>
    <ClCompile Include="townMapScene.cpp">
      <Filter>playGround\Stage</Filter>
    </ClCompile>
    <ClCompile Include="DefaultAttack.cpp">
      <Filter>playGround\Skill</Filter>
    </ClCompile>
    <ClCompile Include="EF_Default.cpp">
      <Filter>playGround\Skill\Effect</Filter>
    </ClCompile>
    <ClCompile Include="Lunatone.cpp">
      <Filter>playGround\Pokémon\No.30 ~ 39</Filter>
    </ClCompile>
    <ClCompile Include="Regice.cpp">
      <Filter>playGround\Pokémon\No.30 ~ 39</Filter>
    </ClCompile>
    <ClCompile Include="Regirock.cpp">
      <Filter>playGround\Pokémon\No.30 ~ 39</Filter>
    </ClCompile>
    <ClCompile Include="Registeel.cpp">
      <Filter>playGround\Pokémon\No.30 ~ 39</Filter>
    </ClCompile>
    <ClCompile Include="Solrock.cpp">
      <Filter>playGround\Pokémon\No.30 ~ 39</Filter>
    </ClCompile>
    <ClCompile Include="Celebi.cpp">
      <Filter>playGround\Pokémon\No.30 ~ 39</Filter>
    </ClCompile>
    <ClCompile Include="Giratina.cpp">
      <Filter>playGround\Pokémon\No.30 ~ 39</Filter>
    </ClCompile>
    <ClCompile Include="Hariyama.cpp">
      <Filter>playGround\Pokémon\No.30 ~ 39</Filter>
    </ClCompile>
    <ClCompile Include="Makuhita.cpp">
      <Filter>playGround\Pokémon\No.30 ~ 39</Filter>
    </ClCompile>
  </ItemGroup>
  <ItemGroup>
    <ResourceCompile Include="windowAPI.rc">
      <Filter>리소스 파일</Filter>
    </ResourceCompile>
  </ItemGroup>
  <ItemGroup>
    <Image Include="small.ico">
      <Filter>리소스 파일</Filter>
    </Image>
    <Image Include="windowAPI.ico">
      <Filter>리소스 파일</Filter>
    </Image>
  </ItemGroup>
</Project>